
Microsoft Visual Studio Solution File, Format Version 12.00
# Visual Studio Version 17
VisualStudioVersion = 17.5.33530.505
MinimumVisualStudioVersion = 10.0.40219.1
Project("{8BC9CEB8-8B4A-11D0-8D11-00A0C91BC942}") = "ProjectL01", "ProjectL01\ProjectL01.vcxproj", "{6DE28B0C-CF90-4811-A0BD-E2A31AB3F9F4}"
EndProject
Project("{8BC9CEB8-8B4A-11D0-8D11-00A0C91BC942}") = "ProjectL02", "ProjectL02\ProjectL02.vcxproj", "{8645D4FD-1C8C-48D5-B02D-EEEEFD2C49CD}"
EndProject
Project("{8BC9CEB8-8B4A-11D0-8D11-00A0C91BC942}") = "ProjectL03", "ProjectL03\ProjectL03.vcxproj", "{F6841754-9F8B-414B-A938-6CAAB04D94A2}"
EndProject
Project("{8BC9CEB8-8B4A-11D0-8D11-00A0C91BC942}") = "ProjectL04", "ProjectL04\ProjectL04.vcxproj", "{5AB99A31-45B3-45FE-9C8C-D892C4DB9B18}"
EndProject
Project("{8BC9CEB8-8B4A-11D0-8D11-00A0C91BC942}") = "ProjectL01-Stack", "ProjectL01-Stack\ProjectL01-Stack.vcxproj", "{216B0F56-6162-48E0-BC36-06244CCFE675}"
EndProject
Global
	GlobalSection(SolutionConfigurationPlatforms) = preSolution
		Debug|x64 = Debug|x64
		Debug|x86 = Debug|x86
		Release|x64 = Release|x64
		Release|x86 = Release|x86
	EndGlobalSection
	GlobalSection(ProjectConfigurationPlatforms) = postSolution
		{6DE28B0C-CF90-4811-A0BD-E2A31AB3F9F4}.Debug|x64.ActiveCfg = Debug|x64
		{6DE28B0C-CF90-4811-A0BD-E2A31AB3F9F4}.Debug|x64.Build.0 = Debug|x64
		{6DE28B0C-CF90-4811-A0BD-E2A31AB3F9F4}.Debug|x86.ActiveCfg = Debug|Win32
		{6DE28B0C-CF90-4811-A0BD-E2A31AB3F9F4}.Debug|x86.Build.0 = Debug|Win32
		{6DE28B0C-CF90-4811-A0BD-E2A31AB3F9F4}.Release|x64.ActiveCfg = Release|x64
		{6DE28B0C-CF90-4811-A0BD-E2A31AB3F9F4}.Release|x64.Build.0 = Release|x64
		{6DE28B0C-CF90-4811-A0BD-E2A31AB3F9F4}.Release|x86.ActiveCfg = Release|Win32
		{6DE28B0C-CF90-4811-A0BD-E2A31AB3F9F4}.Release|x86.Build.0 = Release|Win32
		{8645D4FD-1C8C-48D5-B02D-EEEEFD2C49CD}.Debug|x64.ActiveCfg = Debug|x64
		{8645D4FD-1C8C-48D5-B02D-EEEEFD2C49CD}.Debug|x64.Build.0 = Debug|x64
		{8645D4FD-1C8C-48D5-B02D-EEEEFD2C49CD}.Debug|x86.ActiveCfg = Debug|Win32
		{8645D4FD-1C8C-48D5-B02D-EEEEFD2C49CD}.Debug|x86.Build.0 = Debug|Win32
		{8645D4FD-1C8C-48D5-B02D-EEEEFD2C49CD}.Release|x64.ActiveCfg = Release|x64
		{8645D4FD-1C8C-48D5-B02D-EEEEFD2C49CD}.Release|x64.Build.0 = Release|x64
		{8645D4FD-1C8C-48D5-B02D-EEEEFD2C49CD}.Release|x86.ActiveCfg = Release|Win32
		{8645D4FD-1C8C-48D5-B02D-EEEEFD2C49CD}.Release|x86.Build.0 = Release|Win32
		{F6841754-9F8B-414B-A938-6CAAB04D94A2}.Debug|x64.ActiveCfg = Debug|x64
		{F6841754-9F8B-414B-A938-6CAAB04D94A2}.Debug|x64.Build.0 = Debug|x64
		{F6841754-9F8B-414B-A938-6CAAB04D94A2}.Debug|x86.ActiveCfg = Debug|Win32
		{F6841754-9F8B-414B-A938-6CAAB04D94A2}.Debug|x86.Build.0 = Debug|Win32
		{F6841754-9F8B-414B-A938-6CAAB04D94A2}.Release|x64.ActiveCfg = Release|x64
		{F6841754-9F8B-414B-A938-6CAAB04D94A2}.Release|x64.Build.0 = Release|x64
		{F6841754-9F8B-414B-A938-6CAAB04D94A2}.Release|x86.ActiveCfg = Release|Win32
		{F6841754-9F8B-414B-A938-6CAAB04D94A2}.Release|x86.Build.0 = Release|Win32
		{5AB99A31-45B3-45FE-9C8C-D892C4DB9B18}.Debug|x64.ActiveCfg = Debug|x64
		{5AB99A31-45B3-45FE-9C8C-D892C4DB9B18}.Debug|x64.Build.0 = Debug|x64
		{5AB99A31-45B3-45FE-9C8C-D892C4DB9B18}.Debug|x86.ActiveCfg = Debug|Win32
		{5AB99A31-45B3-45FE-9C8C-D892C4DB9B18}.Debug|x86.Build.0 = Debug|Win32
		{5AB99A31-45B3-45FE-9C8C-D892C4DB9B18}.Release|x64.ActiveCfg = Release|x64
		{5AB99A31-45B3-45FE-9C8C-D892C4DB9B18}.Release|x64.Build.0 = Release|x64
		{5AB99A31-45B3-45FE-9C8C-D892C4DB9B18}.Release|x86.ActiveCfg = Release|Win32
		{5AB99A31-45B3-45FE-9C8C-D892C4DB9B18}.Release|x86.Build.0 = Release|Win32
		{216B0F56-6162-48E0-BC36-06244CCFE675}.Debug|x64.ActiveCfg = Debug|x64
		{216B0F56-6162-48E0-BC36-06244CCFE675}.Debug|x64.Build.0 = Debug|x64
		{216B0F56-6162-48E0-BC36-06244CCFE675}.Debug|x86.ActiveCfg = Debug|Win32
		{216B0F56-6162-48E0-BC36-06244CCFE675}.Debug|x86.Build.0 = Debug|Win32
		{216B0F56-6162-48E0-BC36-06244CCFE675}.Release|x64.ActiveCfg = Release|x64
		{216B0F56-6162-48E0-BC36-06244CCFE675}.Release|x64.Build.0 = Release|x64
		{216B0F56-6162-48E0-BC36-06244CCFE675}.Release|x86.ActiveCfg = Release|Win32
		{216B0F56-6162-48E0-BC36-06244CCFE675}.Release|x86.Build.0 = Release|Win32
	EndGlobalSection
	GlobalSection(SolutionProperties) = preSolution
		HideSolutionNode = FALSE
	EndGlobalSection
	GlobalSection(ExtensibilityGlobals) = postSolution
		SolutionGuid = {B73B4F4B-C11B-4354-92FF-BE57E91C64F1}
	EndGlobalSection
EndGlobal
